
Microsoft Visual Studio Solution File, Format Version 12.00
# Visual Studio 14
VisualStudioVersion = 14.0.22823.1
MinimumVisualStudioVersion = 10.0.40219.1
Project("{FAE04EC0-301F-11D3-BF4B-00C04F79EFBC}") = "ATC", "ATC\ATC.csproj", "{47B6EA07-4E7A-4100-9F1F-94FF4D9FDE20}"
EndProject
Project("{FAE04EC0-301F-11D3-BF4B-00C04F79EFBC}") = "DIPSViewer", "DIPSViewer\DIPSViewer.csproj", "{5D7D17AE-6494-400A-9C69-232C828C70D3}"
EndProject
Project("{FAE04EC0-301F-11D3-BF4B-00C04F79EFBC}") = "DesktopAPI", "DesktopAPI\DesktopAPI.csproj", "{D4AAC464-1106-4A71-9FB3-BE3BCA1980F0}"
EndProject
Global
	GlobalSection(SolutionConfigurationPlatforms) = preSolution
		Debug|Any CPU = Debug|Any CPU
		Release|Any CPU = Release|Any CPU
	EndGlobalSection
	GlobalSection(ProjectConfigurationPlatforms) = postSolution
		{47B6EA07-4E7A-4100-9F1F-94FF4D9FDE20}.Debug|Any CPU.ActiveCfg = Debug|Any CPU
		{47B6EA07-4E7A-4100-9F1F-94FF4D9FDE20}.Debug|Any CPU.Build.0 = Debug|Any CPU
		{47B6EA07-4E7A-4100-9F1F-94FF4D9FDE20}.Release|Any CPU.ActiveCfg = Release|Any CPU
		{47B6EA07-4E7A-4100-9F1F-94FF4D9FDE20}.Release|Any CPU.Build.0 = Release|Any CPU
		{5D7D17AE-6494-400A-9C69-232C828C70D3}.Debug|Any CPU.ActiveCfg = Debug|Any CPU
		{5D7D17AE-6494-400A-9C69-232C828C70D3}.Debug|Any CPU.Build.0 = Debug|Any CPU
		{5D7D17AE-6494-400A-9C69-232C828C70D3}.Release|Any CPU.ActiveCfg = Release|Any CPU
		{5D7D17AE-6494-400A-9C69-232C828C70D3}.Release|Any CPU.Build.0 = Release|Any CPU
		{D4AAC464-1106-4A71-9FB3-BE3BCA1980F0}.Debug|Any CPU.ActiveCfg = Debug|Any CPU
		{D4AAC464-1106-4A71-9FB3-BE3BCA1980F0}.Debug|Any CPU.Build.0 = Debug|Any CPU
		{D4AAC464-1106-4A71-9FB3-BE3BCA1980F0}.Release|Any CPU.ActiveCfg = Release|Any CPU
		{D4AAC464-1106-4A71-9FB3-BE3BCA1980F0}.Release|Any CPU.Build.0 = Release|Any CPU
	EndGlobalSection
	GlobalSection(SolutionProperties) = preSolution
		HideSolutionNode = FALSE
	EndGlobalSection
EndGlobal
