
Microsoft Visual Studio Solution File, Format Version 12.00
# Visual Studio Version 16
VisualStudioVersion = 16.0.30503.244
MinimumVisualStudioVersion = 10.0.40219.1
Project("{9A19103F-16F7-4668-BE54-9A1E7A4F7556}") = "DIPSViewer", "DIPSViewer\DIPSViewer.csproj", "{5D7D17AE-6494-400A-9C69-232C828C70D3}"
EndProject
Project("{9A19103F-16F7-4668-BE54-9A1E7A4F7556}") = "DesktopAPI", "DesktopAPI\DesktopAPI.csproj", "{D4AAC464-1106-4A71-9FB3-BE3BCA1980F0}"
EndProject
Project("{2150E333-8FDC-42A3-9474-1A3956D46DE8}") = "External", "External", "{A078A939-CA6C-410F-B7CD-E84D6723F7E0}"
EndProject
Project("{9A19103F-16F7-4668-BE54-9A1E7A4F7556}") = "SimpleMessagePresenter", "SimpleMessagePresenter\SimpleMessagePresenter.csproj", "{DAF0E728-5B9B-4613-A58A-0F35AF76F9D6}"
EndProject
Project("{9A19103F-16F7-4668-BE54-9A1E7A4F7556}") = "ATC.UI", "ATC.UI\ATC.UI.csproj", "{8B3E350B-913E-43A4-8876-2912E5E56C79}"
EndProject
Project("{9A19103F-16F7-4668-BE54-9A1E7A4F7556}") = "LanguageUtils", "CSharpUtils\LanguageUtils\LanguageUtils.csproj", "{9FA20BC2-52D6-4686-B2F3-75226945E6BE}"
EndProject
Project("{9A19103F-16F7-4668-BE54-9A1E7A4F7556}") = "WPFUtils", "CSharpUtils\WPFUtils\WPFUtils.csproj", "{3546E437-7369-4970-BE92-0BCCC10DFCA1}"
EndProject
Project("{9A19103F-16F7-4668-BE54-9A1E7A4F7556}") = "ATC.Lib", "ATC.Lib\ATC.Lib.csproj", "{413D9C1A-239A-46A8-9128-F12247AB83F2}"
EndProject
Project("{2150E333-8FDC-42A3-9474-1A3956D46DE8}") = "Tools", "Tools", "{81F8FEB2-30D0-4E19-BE0B-D7F845B2EC65}"
EndProject
Project("{9A19103F-16F7-4668-BE54-9A1E7A4F7556}") = "ATC.Console", "ATC.Console\ATC.Console.csproj", "{3083DB12-542C-444A-B0FC-AF94F94D1D3E}"
EndProject
Global
	GlobalSection(SolutionConfigurationPlatforms) = preSolution
		Debug|Any CPU = Debug|Any CPU
		Release|Any CPU = Release|Any CPU
	EndGlobalSection
	GlobalSection(ProjectConfigurationPlatforms) = postSolution
		{5D7D17AE-6494-400A-9C69-232C828C70D3}.Debug|Any CPU.ActiveCfg = Debug|Any CPU
		{5D7D17AE-6494-400A-9C69-232C828C70D3}.Debug|Any CPU.Build.0 = Debug|Any CPU
		{5D7D17AE-6494-400A-9C69-232C828C70D3}.Release|Any CPU.ActiveCfg = Release|Any CPU
		{5D7D17AE-6494-400A-9C69-232C828C70D3}.Release|Any CPU.Build.0 = Release|Any CPU
		{D4AAC464-1106-4A71-9FB3-BE3BCA1980F0}.Debug|Any CPU.ActiveCfg = Debug|Any CPU
		{D4AAC464-1106-4A71-9FB3-BE3BCA1980F0}.Debug|Any CPU.Build.0 = Debug|Any CPU
		{D4AAC464-1106-4A71-9FB3-BE3BCA1980F0}.Release|Any CPU.ActiveCfg = Release|Any CPU
		{D4AAC464-1106-4A71-9FB3-BE3BCA1980F0}.Release|Any CPU.Build.0 = Release|Any CPU
		{DAF0E728-5B9B-4613-A58A-0F35AF76F9D6}.Debug|Any CPU.ActiveCfg = Debug|Any CPU
		{DAF0E728-5B9B-4613-A58A-0F35AF76F9D6}.Debug|Any CPU.Build.0 = Debug|Any CPU
		{DAF0E728-5B9B-4613-A58A-0F35AF76F9D6}.Release|Any CPU.ActiveCfg = Release|Any CPU
		{DAF0E728-5B9B-4613-A58A-0F35AF76F9D6}.Release|Any CPU.Build.0 = Release|Any CPU
		{8B3E350B-913E-43A4-8876-2912E5E56C79}.Debug|Any CPU.ActiveCfg = Debug|Any CPU
		{8B3E350B-913E-43A4-8876-2912E5E56C79}.Debug|Any CPU.Build.0 = Debug|Any CPU
		{8B3E350B-913E-43A4-8876-2912E5E56C79}.Release|Any CPU.ActiveCfg = Release|Any CPU
		{8B3E350B-913E-43A4-8876-2912E5E56C79}.Release|Any CPU.Build.0 = Release|Any CPU
		{9FA20BC2-52D6-4686-B2F3-75226945E6BE}.Debug|Any CPU.ActiveCfg = Debug|Any CPU
		{9FA20BC2-52D6-4686-B2F3-75226945E6BE}.Debug|Any CPU.Build.0 = Debug|Any CPU
		{9FA20BC2-52D6-4686-B2F3-75226945E6BE}.Release|Any CPU.ActiveCfg = Release|Any CPU
		{9FA20BC2-52D6-4686-B2F3-75226945E6BE}.Release|Any CPU.Build.0 = Release|Any CPU
		{3546E437-7369-4970-BE92-0BCCC10DFCA1}.Debug|Any CPU.ActiveCfg = Debug|Any CPU
		{3546E437-7369-4970-BE92-0BCCC10DFCA1}.Debug|Any CPU.Build.0 = Debug|Any CPU
		{3546E437-7369-4970-BE92-0BCCC10DFCA1}.Release|Any CPU.ActiveCfg = Release|Any CPU
		{3546E437-7369-4970-BE92-0BCCC10DFCA1}.Release|Any CPU.Build.0 = Release|Any CPU
		{413D9C1A-239A-46A8-9128-F12247AB83F2}.Debug|Any CPU.ActiveCfg = Debug|Any CPU
		{413D9C1A-239A-46A8-9128-F12247AB83F2}.Debug|Any CPU.Build.0 = Debug|Any CPU
		{413D9C1A-239A-46A8-9128-F12247AB83F2}.Release|Any CPU.ActiveCfg = Release|Any CPU
		{413D9C1A-239A-46A8-9128-F12247AB83F2}.Release|Any CPU.Build.0 = Release|Any CPU
		{3083DB12-542C-444A-B0FC-AF94F94D1D3E}.Debug|Any CPU.ActiveCfg = Debug|Any CPU
		{3083DB12-542C-444A-B0FC-AF94F94D1D3E}.Debug|Any CPU.Build.0 = Debug|Any CPU
		{3083DB12-542C-444A-B0FC-AF94F94D1D3E}.Release|Any CPU.ActiveCfg = Release|Any CPU
		{3083DB12-542C-444A-B0FC-AF94F94D1D3E}.Release|Any CPU.Build.0 = Release|Any CPU
	EndGlobalSection
	GlobalSection(SolutionProperties) = preSolution
		HideSolutionNode = FALSE
	EndGlobalSection
	GlobalSection(NestedProjects) = preSolution
		{5D7D17AE-6494-400A-9C69-232C828C70D3} = {81F8FEB2-30D0-4E19-BE0B-D7F845B2EC65}
		{D4AAC464-1106-4A71-9FB3-BE3BCA1980F0} = {A078A939-CA6C-410F-B7CD-E84D6723F7E0}
		{DAF0E728-5B9B-4613-A58A-0F35AF76F9D6} = {81F8FEB2-30D0-4E19-BE0B-D7F845B2EC65}
		{9FA20BC2-52D6-4686-B2F3-75226945E6BE} = {A078A939-CA6C-410F-B7CD-E84D6723F7E0}
		{3546E437-7369-4970-BE92-0BCCC10DFCA1} = {A078A939-CA6C-410F-B7CD-E84D6723F7E0}
	EndGlobalSection
	GlobalSection(ExtensibilityGlobals) = postSolution
		SolutionGuid = {169CC289-063A-4E70-A22F-89B8CE2C487A}
	EndGlobalSection
EndGlobal
